
Microsoft Visual Studio Solution File, Format Version 12.00
# Visual Studio Version 16
VisualStudioVersion = 16.0.30611.23
MinimumVisualStudioVersion = 10.0.40219.1
Project("{FAE04EC0-301F-11D3-BF4B-00C04F79EFBC}") = "lab4ex2", "lab4ex2\lab4ex2.csproj", "{B83D3460-700B-4F12-AC79-59285E0D939F}"
EndProject
Global
	GlobalSection(SolutionConfigurationPlatforms) = preSolution
		Debug|Any CPU = Debug|Any CPU
		Release|Any CPU = Release|Any CPU
	EndGlobalSection
	GlobalSection(ProjectConfigurationPlatforms) = postSolution
		{B83D3460-700B-4F12-AC79-59285E0D939F}.Debug|Any CPU.ActiveCfg = Debug|Any CPU
		{B83D3460-700B-4F12-AC79-59285E0D939F}.Debug|Any CPU.Build.0 = Debug|Any CPU
		{B83D3460-700B-4F12-AC79-59285E0D939F}.Release|Any CPU.ActiveCfg = Release|Any CPU
		{B83D3460-700B-4F12-AC79-59285E0D939F}.Release|Any CPU.Build.0 = Release|Any CPU
	EndGlobalSection
	GlobalSection(SolutionProperties) = preSolution
		HideSolutionNode = FALSE
	EndGlobalSection
	GlobalSection(ExtensibilityGlobals) = postSolution
		SolutionGuid = {DA43881A-6814-41D9-A655-EE9754236022}
	EndGlobalSection
EndGlobal
